
Microsoft Visual Studio Solution File, Format Version 12.00
# Visual Studio Version 17
VisualStudioVersion = 17.5.002.0
MinimumVisualStudioVersion = 10.0.40219.1
Project("{9A19103F-16F7-4668-BE54-9A1E7A4F7556}") = "project001_HelloConisol", "project001_HelloConisol.csproj", "{C69C4E89-6B2F-45D3-860A-5C60B1C0A8BB}"
EndProject
Global
	GlobalSection(SolutionConfigurationPlatforms) = preSolution
		Debug|Any CPU = Debug|Any CPU
		Release|Any CPU = Release|Any CPU
	EndGlobalSection
	GlobalSection(ProjectConfigurationPlatforms) = postSolution
		{C69C4E89-6B2F-45D3-860A-5C60B1C0A8BB}.Debug|Any CPU.ActiveCfg = Debug|Any CPU
		{C69C4E89-6B2F-45D3-860A-5C60B1C0A8BB}.Debug|Any CPU.Build.0 = Debug|Any CPU
		{C69C4E89-6B2F-45D3-860A-5C60B1C0A8BB}.Release|Any CPU.ActiveCfg = Release|Any CPU
		{C69C4E89-6B2F-45D3-860A-5C60B1C0A8BB}.Release|Any CPU.Build.0 = Release|Any CPU
	EndGlobalSection
	GlobalSection(SolutionProperties) = preSolution
		HideSolutionNode = FALSE
	EndGlobalSection
	GlobalSection(ExtensibilityGlobals) = postSolution
		SolutionGuid = {A0A63551-17C1-495B-869F-59D1442D26ED}
	EndGlobalSection
EndGlobal
